
Microsoft Visual Studio Solution File, Format Version 12.00
# Visual Studio 2013
VisualStudioVersion = 12.0.21005.1
MinimumVisualStudioVersion = 10.0.40219.1
Project("{FAE04EC0-301F-11D3-BF4B-00C04F79EFBC}") = "ConsoleApplication1", "ConsoleApplication1\ConsoleApplication1.csproj", "{1A3C141D-AE64-4324-A367-A158D9917823}"
EndProject
Project("{2150E333-8FDC-42A3-9474-1A3956D46DE8}") = ".nuget", ".nuget", "{973940F8-77AB-4190-A2C8-B7D06F80905F}"
	ProjectSection(SolutionItems) = preProject
		.nuget\packages.config = .nuget\packages.config
	EndProjectSection
EndProject
Global
	GlobalSection(SolutionConfigurationPlatforms) = preSolution
		Debug|Any CPU = Debug|Any CPU
		Release|Any CPU = Release|Any CPU
	EndGlobalSection
	GlobalSection(ProjectConfigurationPlatforms) = postSolution
		{1A3C141D-AE64-4324-A367-A158D9917823}.Debug|Any CPU.ActiveCfg = Debug|Any CPU
		{1A3C141D-AE64-4324-A367-A158D9917823}.Debug|Any CPU.Build.0 = Debug|Any CPU
		{1A3C141D-AE64-4324-A367-A158D9917823}.Release|Any CPU.ActiveCfg = Release|Any CPU
		{1A3C141D-AE64-4324-A367-A158D9917823}.Release|Any CPU.Build.0 = Release|Any CPU
	EndGlobalSection
	GlobalSection(SolutionProperties) = preSolution
		HideSolutionNode = FALSE
	EndGlobalSection
EndGlobal
